
Microsoft Visual Studio Solution File, Format Version 12.00
# Visual Studio Version 16
VisualStudioVersion = 16.0.28407.52
MinimumVisualStudioVersion = 10.0.40219.1
Project("{9A19103F-16F7-4668-BE54-9A1E7A4F7556}") = "Forge.Application", "src\Forge.Application\Forge.Application.csproj", "{88934993-2F5B-49F2-BA5A-6B7BE3FF2DFA}"
EndProject
Project("{FAE04EC0-301F-11D3-BF4B-00C04F79EFBC}") = "Forge.Application.Demo", "src\Forge.Application.Demo\Forge.Application.Demo.csproj", "{3BAC5194-3399-428B-82DA-80CA5DBE9895}"
EndProject
Project("{FAE04EC0-301F-11D3-BF4B-00C04F79EFBC}") = "Forge.Application.VSIX", "tools\Forge.Application.VSIX\Forge.Application.VSIX.csproj", "{BFB5DBFB-D7E1-4D31-97F5-11D15C715A5B}"
EndProject
Project("{FAE04EC0-301F-11D3-BF4B-00C04F79EFBC}") = "Forge.Application.Template", "tools\Forge.Application.Template\Forge.Application.Template.csproj", "{5E42267D-1457-410A-BB0C-DCA3A081542A}"
EndProject
Global
	GlobalSection(SolutionConfigurationPlatforms) = preSolution
		Debug|Any CPU = Debug|Any CPU
		Release|Any CPU = Release|Any CPU
	EndGlobalSection
	GlobalSection(ProjectConfigurationPlatforms) = postSolution
		{88934993-2F5B-49F2-BA5A-6B7BE3FF2DFA}.Debug|Any CPU.ActiveCfg = Debug|Any CPU
		{88934993-2F5B-49F2-BA5A-6B7BE3FF2DFA}.Debug|Any CPU.Build.0 = Debug|Any CPU
		{88934993-2F5B-49F2-BA5A-6B7BE3FF2DFA}.Release|Any CPU.ActiveCfg = Release|Any CPU
		{88934993-2F5B-49F2-BA5A-6B7BE3FF2DFA}.Release|Any CPU.Build.0 = Release|Any CPU
		{3BAC5194-3399-428B-82DA-80CA5DBE9895}.Debug|Any CPU.ActiveCfg = Debug|Any CPU
		{3BAC5194-3399-428B-82DA-80CA5DBE9895}.Debug|Any CPU.Build.0 = Debug|Any CPU
		{3BAC5194-3399-428B-82DA-80CA5DBE9895}.Release|Any CPU.ActiveCfg = Release|Any CPU
		{3BAC5194-3399-428B-82DA-80CA5DBE9895}.Release|Any CPU.Build.0 = Release|Any CPU
		{BFB5DBFB-D7E1-4D31-97F5-11D15C715A5B}.Debug|Any CPU.ActiveCfg = Debug|Any CPU
		{BFB5DBFB-D7E1-4D31-97F5-11D15C715A5B}.Debug|Any CPU.Build.0 = Debug|Any CPU
		{BFB5DBFB-D7E1-4D31-97F5-11D15C715A5B}.Release|Any CPU.ActiveCfg = Release|Any CPU
		{BFB5DBFB-D7E1-4D31-97F5-11D15C715A5B}.Release|Any CPU.Build.0 = Release|Any CPU
		{5E42267D-1457-410A-BB0C-DCA3A081542A}.Debug|Any CPU.ActiveCfg = Debug|Any CPU
		{5E42267D-1457-410A-BB0C-DCA3A081542A}.Debug|Any CPU.Build.0 = Debug|Any CPU
		{5E42267D-1457-410A-BB0C-DCA3A081542A}.Release|Any CPU.ActiveCfg = Release|Any CPU
		{5E42267D-1457-410A-BB0C-DCA3A081542A}.Release|Any CPU.Build.0 = Release|Any CPU
	EndGlobalSection
	GlobalSection(SolutionProperties) = preSolution
		HideSolutionNode = FALSE
	EndGlobalSection
	GlobalSection(ExtensibilityGlobals) = postSolution
		SolutionGuid = {FC01CBBD-B99F-4E16-AC1D-39B344DF5BC6}
	EndGlobalSection
EndGlobal
